// !$*UTF8*$!
{
	archiveVersion = 1;
	classes = {
	};
	objectVersion = 46;
	objects = {

/* Begin PBXBuildFile section */
		CEE6C01B1D6D208400AC548F /* main.m in Sources */ = {isa = PBXBuildFile; fileRef = CEE6C01A1D6D208400AC548F /* main.m */; };
		CEE6C01E1D6D208400AC548F /* AppDelegate.m in Sources */ = {isa = PBXBuildFile; fileRef = CEE6C01D1D6D208400AC548F /* AppDelegate.m */; };
		CEE6C0211D6D208400AC548F /* ViewController.m in Sources */ = {isa = PBXBuildFile; fileRef = CEE6C0201D6D208400AC548F /* ViewController.m */; };
		CEE6C0241D6D208400AC548F /* Main.storyboard in Resources */ = {isa = PBXBuildFile; fileRef = CEE6C0221D6D208400AC548F /* Main.storyboard */; };
		CEE6C0261D6D208400AC548F /* Assets.xcassets in Resources */ = {isa = PBXBuildFile; fileRef = CEE6C0251D6D208400AC548F /* Assets.xcassets */; };
		CEE6C0291D6D208400AC548F /* LaunchScreen.storyboard in Resources */ = {isa = PBXBuildFile; fileRef = CEE6C0271D6D208400AC548F /* LaunchScreen.storyboard */; };
		CEE6C0321D6D2C3400AC548F /* Calculator.m in Sources */ = {isa = PBXBuildFile; fileRef = CEE6C0311D6D2C3400AC548F /* Calculator.m */; };
/* End PBXBuildFile section */

/* Begin PBXFileReference section */
		CEE6C0161D6D208400AC548F /* Calculator.app */ = {isa = PBXFileReference; explicitFileType = wrapper.application; includeInIndex = 0; path = Calculator.app; sourceTree = BUILT_PRODUCTS_DIR; };
		CEE6C01A1D6D208400AC548F /* main.m */ = {isa = PBXFileReference; lastKnownFileType = sourcecode.c.objc; path = main.m; sourceTree = "<group>"; };
		CEE6C01C1D6D208400AC548F /* AppDelegate.h */ = {isa = PBXFileReference; lastKnownFileType = sourcecode.c.h; path = AppDelegate.h; sourceTree = "<group>"; };
		CEE6C01D1D6D208400AC548F /* AppDelegate.m */ = {isa = PBXFileReference; lastKnownFileType = sourcecode.c.objc; path = AppDelegate.m; sourceTree = "<group>"; };
		CEE6C01F1D6D208400AC548F /* ViewController.h */ = {isa = PBXFileReference; lastKnownFileType = sourcecode.c.h; path = ViewController.h; sourceTree = "<group>"; };
		CEE6C0201D6D208400AC548F /* ViewController.m */ = {isa = PBXFileReference; lastKnownFileType = sourcecode.c.objc; path = ViewController.m; sourceTree = "<group>"; };
		CEE6C0231D6D208400AC548F /* Base */ = {isa = PBXFileReference; lastKnownFileType = file.storyboard; name = Base; path = Base.lproj/Main.storyboard; sourceTree = "<group>"; };
		CEE6C0251D6D208400AC548F /* Assets.xcassets */ = {isa = PBXFileReference; lastKnownFileType = folder.assetcatalog; path = Assets.xcassets; sourceTree = "<group>"; };
		CEE6C0281D6D208400AC548F /* Base */ = {isa = PBXFileReference; lastKnownFileType = file.storyboard; name = Base; path = Base.lproj/LaunchScreen.storyboard; sourceTree = "<group>"; };
		CEE6C02A1D6D208400AC548F /* Info.plist */ = {isa = PBXFileReference; lastKnownFileType = text.plist.xml; path = Info.plist; sourceTree = "<group>"; };
		CEE6C0301D6D2C3400AC548F /* Calculator.h */ = {isa = PBXFileReference; fileEncoding = 4; lastKnownFileType = sourcecode.c.h; path = Calculator.h; sourceTree = "<group>"; };
		CEE6C0311D6D2C3400AC548F /* Calculator.m */ = {isa = PBXFileReference; fileEncoding = 4; lastKnownFileType = sourcecode.c.objc; path = Calculator.m; sourceTree = "<group>"; };
/* End PBXFileReference section */

/* Begin PBXFrameworksBuildPhase section */
		CEE6C0131D6D208400AC548F /* Frameworks */ = {
			isa = PBXFrameworksBuildPhase;
			buildActionMask = 2147483647;
			files = (
			);
			runOnlyForDeploymentPostprocessing = 0;
		};
/* End PBXFrameworksBuildPhase section */

/* Begin PBXGroup section */
		CEE6C00D1D6D208400AC548F = {
			isa = PBXGroup;
			children = (
				CEE6C0181D6D208400AC548F /* Calculator */,
				CEE6C0171D6D208400AC548F /* Products */,
			);
			sourceTree = "<group>";
		};
		CEE6C0171D6D208400AC548F /* Products */ = {
			isa = PBXGroup;
			children = (
				CEE6C0161D6D208400AC548F /* Calculator.app */,
			);
			name = Products;
			sourceTree = "<group>";
		};
		CEE6C0181D6D208400AC548F /* Calculator */ = {
			isa = PBXGroup;
			children = (
				CEE6C01C1D6D208400AC548F /* AppDelegate.h */,
				CEE6C01D1D6D208400AC548F /* AppDelegate.m */,
				CEE6C0301D6D2C3400AC548F /* Calculator.h */,
				CEE6C0311D6D2C3400AC548F /* Calculator.m */,
				CEE6C01F1D6D208400AC548F /* ViewController.h */,
				CEE6C0201D6D208400AC548F /* ViewController.m */,
				CEE6C0221D6D208400AC548F /* Main.storyboard */,
				CEE6C0251D6D208400AC548F /* Assets.xcassets */,
				CEE6C0271D6D208400AC548F /* LaunchScreen.storyboard */,
				CEE6C02A1D6D208400AC548F /* Info.plist */,
				CEE6C0191D6D208400AC548F /* Supporting Files */,
			);
			path = Calculator;
			sourceTree = "<group>";
		};
		CEE6C0191D6D208400AC548F /* Supporting Files */ = {
			isa = PBXGroup;
			children = (
				CEE6C01A1D6D208400AC548F /* main.m */,
			);
			name = "Supporting Files";
			sourceTree = "<group>";
		};
/* End PBXGroup section */

/* Begin PBXNativeTarget section */
		CEE6C0151D6D208400AC548F /* Calculator */ = {
			isa = PBXNativeTarget;
			buildConfigurationList = CEE6C02D1D6D208400AC548F /* Build configuration list for PBXNativeTarget "Calculator" */;
			buildPhases = (
				CEE6C0121D6D208400AC548F /* Sources */,
				CEE6C0131D6D208400AC548F /* Frameworks */,
				CEE6C0141D6D208400AC548F /* Resources */,
			);
			buildRules = (
			);
			dependencies = (
			);
			name = Calculator;
			productName = Calculator;
			productReference = CEE6C0161D6D208400AC548F /* Calculator.app */;
			productType = "com.apple.product-type.application";
		};
/* End PBXNativeTarget section */

/* Begin PBXProject section */
		CEE6C00E1D6D208400AC548F /* Project object */ = {
			isa = PBXProject;
			attributes = {
				LastUpgradeCheck = 0730;
				ORGANIZATIONNAME = LDCC;
				TargetAttributes = {
					CEE6C0151D6D208400AC548F = {
						CreatedOnToolsVersion = 7.3.1;
					};
				};
			};
			buildConfigurationList = CEE6C0111D6D208400AC548F /* Build configuration list for PBXProject "Calculator" */;
			compatibilityVersion = "Xcode 3.2";
			developmentRegion = English;
			hasScannedForEncodings = 0;
			knownRegions = (
				en,
				Base,
			);
			mainGroup = CEE6C00D1D6D208400AC548F;
			productRefGroup = CEE6C0171D6D208400AC548F /* Products */;
			projectDirPath = "";
			projectRoot = "";
			targets = (
				CEE6C0151D6D208400AC548F /* Calculator */,
			);
		};
/* End PBXProject section */

/* Begin PBXResourcesBuildPhase section */
		CEE6C0141D6D208400AC548F /* Resources */ = {
			isa = PBXResourcesBuildPhase;
			buildActionMask = 2147483647;
			files = (
				CEE6C0291D6D208400AC548F /* LaunchScreen.storyboard in Resources */,
				CEE6C0261D6D208400AC548F /* Assets.xcassets in Resources */,
				CEE6C0241D6D208400AC548F /* Main.storyboard in Resources */,
			);
			runOnlyForDeploymentPostprocessing = 0;
		};
/* End PBXResourcesBuildPhase section */

/* Begin PBXSourcesBuildPhase section */
		CEE6C0121D6D208400AC548F /* Sources */ = {
			isa = PBXSourcesBuildPhase;
			buildActionMask = 2147483647;
			files = (
				CEE6C0211D6D208400AC548F /* ViewController.m in Sources */,
				CEE6C0321D6D2C3400AC548F /* Calculator.m in Sources */,
				CEE6C01E1D6D208400AC548F /* AppDelegate.m in Sources */,
				CEE6C01B1D6D208400AC548F /* main.m in Sources */,
			);
			runOnlyForDeploymentPostprocessing = 0;
		};
/* End PBXSourcesBuildPhase section */

/* Begin PBXVariantGroup section */
		CEE6C0221D6D208400AC548F /* Main.storyboard */ = {
			isa = PBXVariantGroup;
			children = (
				CEE6C0231D6D208400AC548F /* Base */,
			);
			name = Main.storyboard;
			sourceTree = "<group>";
		};
		CEE6C0271D6D208400AC548F /* LaunchScreen.storyboard */ = {
			isa = PBXVariantGroup;
			children = (
				CEE6C0281D6D208400AC548F /* Base */,
			);
			name = LaunchScreen.storyboard;
			sourceTree = "<group>";
		};
/* End PBXVariantGroup section */

/* Begin XCBuildConfiguration section */
		CEE6C02B1D6D208400AC548F /* Debug */ = {
			isa = XCBuildConfiguration;
			buildSettings = {
				ALWAYS_SEARCH_USER_PATHS = NO;
				CLANG_ANALYZER_NONNULL = YES;
				CLANG_CXX_LANGUAGE_STANDARD = "gnu++0x";
				CLANG_CXX_LIBRARY = "libc++";
				CLANG_ENABLE_MODULES = YES;
				CLANG_ENABLE_OBJC_ARC = YES;
				CLANG_WARN_BOOL_CONVERSION = YES;
				CLANG_WARN_CONSTANT_CONVERSION = YES;
				CLANG_WARN_DIRECT_OBJC_ISA_USAGE = YES_ERROR;
				CLANG_WARN_EMPTY_BODY = YES;
				CLANG_WARN_ENUM_CONVERSION = YES;
				CLANG_WARN_INT_CONVERSION = YES;
				CLANG_WARN_OBJC_ROOT_CLASS = YES_ERROR;
				CLANG_WARN_UNREACHABLE_CODE = YES;
				CLANG_WARN__DUPLICATE_METHOD_MATCH = YES;
				"CODE_SIGN_IDENTITY[sdk=iphoneos*]" = "iPhone Developer";
				COPY_PHASE_STRIP = NO;
				DEBUG_INFORMATION_FORMAT = dwarf;
				ENABLE_STRICT_OBJC_MSGSEND = YES;
				ENABLE_TESTABILITY = YES;
				GCC_C_LANGUAGE_STANDARD = gnu99;
				GCC_DYNAMIC_NO_PIC = NO;
				GCC_NO_COMMON_BLOCKS = YES;
				GCC_OPTIMIZATION_LEVEL = 0;
				GCC_PREPROCESSOR_DEFINITIONS = (
					"DEBUG=1",
					"$(inherited)",
				);
				GCC_WARN_64_TO_32_BIT_CONVERSION = YES;
				GCC_WARN_ABOUT_RETURN_TYPE = YES_ERROR;
				GCC_WARN_UNDECLARED_SELECTOR = YES;
				GCC_WARN_UNINITIALIZED_AUTOS = YES_AGGRESSIVE;
				GCC_WARN_UNUSED_FUNCTION = YES;
				GCC_WARN_UNUSED_VARIABLE = YES;
				IPHONEOS_DEPLOYMENT_TARGET = 9.3;
				MTL_ENABLE_DEBUG_INFO = YES;
				ONLY_ACTIVE_ARCH = YES;
				SDKROOT = iphoneos;
			};
			name = Debug;
		};
		CEE6C02C1D6D208400AC548F /* Release */ = {
			isa = XCBuildConfiguration;
			buildSettings = {
				ALWAYS_SEARCH_USER_PATHS = NO;
				CLANG_ANALYZER_NONNULL = YES;
				CLANG_CXX_LANGUAGE_STANDARD = "gnu++0x";
				CLANG_CXX_LIBRARY = "libc++";
				CLANG_ENABLE_MODULES = YES;
				CLANG_ENABLE_OBJC_ARC = YES;
				CLANG_WARN_BOOL_CONVERSION = YES;
				CLANG_WARN_CONSTANT_CONVERSION = YES;
				CLANG_WARN_DIRECT_OBJC_ISA_USAGE = YES_ERROR;
				CLANG_WARN_EMPTY_BODY = YES;
				CLANG_WARN_ENUM_CONVERSION = YES;
				CLANG_WARN_INT_CONVERSION = YES;
				CLANG_WARN_OBJC_ROOT_CLASS = YES_ERROR;
				CLANG_WARN_UNREACHABLE_CODE = YES;
				CLANG_WARN__DUPLICATE_METHOD_MATCH = YES;
				"CODE_SIGN_IDENTITY[sdk=iphoneos*]" = "iPhone Developer";
				COPY_PHASE_STRIP = NO;
				DEBUG_INFORMATION_FORMAT = "dwarf-with-dsym";
				ENABLE_NS_ASSERTIONS = NO;
				ENABLE_STRICT_OBJC_MSGSEND = YES;
				GCC_C_LANGUAGE_STANDARD = gnu99;
				GCC_NO_COMMON_BLOCKS = YES;
				GCC_WARN_64_TO_32_BIT_CONVERSION = YES;
				GCC_WARN_ABOUT_RETURN_TYPE = YES_ERROR;
				GCC_WARN_UNDECLARED_SELECTOR = YES;
				GCC_WARN_UNINITIALIZED_AUTOS = YES_AGGRESSIVE;
				GCC_WARN_UNUSED_FUNCTION = YES;
				GCC_WARN_UNUSED_VARIABLE = YES;
				IPHONEOS_DEPLOYMENT_TARGET = 9.3;
				MTL_ENABLE_DEBUG_INFO = NO;
				SDKROOT = iphoneos;
				VALIDATE_PRODUCT = YES;
			};
			name = Release;
		};
		CEE6C02E1D6D208400AC548F /* Debug */ = {
			isa = XCBuildConfiguration;
			buildSettings = {
				ASSETCATALOG_COMPILER_APPICON_NAME = AppIcon;
				INFOPLIST_FILE = Calculator/Info.plist;
				LD_RUNPATH_SEARCH_PATHS = "$(inherited) @executable_path/Frameworks";
				PRODUCT_BUNDLE_IDENTIFIER = com.ldcc.Calculator;
				PRODUCT_NAME = "$(TARGET_NAME)";
			};
			name = Debug;
		};
		CEE6C02F1D6D208400AC548F /* Release */ = {
			isa = XCBuildConfiguration;
			buildSettings = {
				ASSETCATALOG_COMPILER_APPICON_NAME = AppIcon;
				INFOPLIST_FILE = Calculator/Info.plist;
				LD_RUNPATH_SEARCH_PATHS = "$(inherited) @executable_path/Frameworks";
				PRODUCT_BUNDLE_IDENTIFIER = com.ldcc.Calculator;
				PRODUCT_NAME = "$(TARGET_NAME)";
			};
			name = Release;
		};
/* End XCBuildConfiguration section */

/* Begin XCConfigurationList section */
		CEE6C0111D6D208400AC548F /* Build configuration list for PBXProject "Calculator" */ = {
			isa = XCConfigurationList;
			buildConfigurations = (
				CEE6C02B1D6D208400AC548F /* Debug */,
				CEE6C02C1D6D208400AC548F /* Release */,
			);
			defaultConfigurationIsVisible = 0;
			defaultConfigurationName = Release;
		};
		CEE6C02D1D6D208400AC548F /* Build configuration list for PBXNativeTarget "Calculator" */ = {
			isa = XCConfigurationList;
			buildConfigurations = (
				CEE6C02E1D6D208400AC548F /* Debug */,
				CEE6C02F1D6D208400AC548F /* Release */,
			);
			defaultConfigurationIsVisible = 0;
		};
/* End XCConfigurationList section */
	};
	rootObject = CEE6C00E1D6D208400AC548F /* Project object */;
}
